
Microsoft Visual Studio Solution File, Format Version 12.00
# Visual Studio Version 16
VisualStudioVersion = 16.0.31702.278
MinimumVisualStudioVersion = 10.0.40219.1
Project("{FAE04EC0-301F-11D3-BF4B-00C04F79EFBC}") = "BacCao", "Which-Programing-Should-I-Learn\BacCao.csproj", "{4FB2CFA5-8305-421E-944E-494E384899E9}"
EndProject
Global
	GlobalSection(SolutionConfigurationPlatforms) = preSolution
		Debug|Any CPU = Debug|Any CPU
		Release|Any CPU = Release|Any CPU
	EndGlobalSection
	GlobalSection(ProjectConfigurationPlatforms) = postSolution
		{4FB2CFA5-8305-421E-944E-494E384899E9}.Debug|Any CPU.ActiveCfg = Debug|Any CPU
		{4FB2CFA5-8305-421E-944E-494E384899E9}.Debug|Any CPU.Build.0 = Debug|Any CPU
		{4FB2CFA5-8305-421E-944E-494E384899E9}.Release|Any CPU.ActiveCfg = Release|Any CPU
		{4FB2CFA5-8305-421E-944E-494E384899E9}.Release|Any CPU.Build.0 = Release|Any CPU
	EndGlobalSection
	GlobalSection(SolutionProperties) = preSolution
		HideSolutionNode = FALSE
	EndGlobalSection
	GlobalSection(ExtensibilityGlobals) = postSolution
		SolutionGuid = {91AB86FA-3851-461D-A8DF-BD1CB7CD9769}
	EndGlobalSection
EndGlobal
